
Microsoft Visual Studio Solution File, Format Version 12.00
# Visual Studio Version 16
VisualStudioVersion = 16.0.30907.101
MinimumVisualStudioVersion = 10.0.40219.1
Project("{FAE04EC0-301F-11D3-BF4B-00C04F79EFBC}") = "ImageClassification", "ImageClassification\ImageClassification.csproj", "{3DF26F31-27FB-4526-B18A-7D1C361F0F5B}"
EndProject
Global
	GlobalSection(SolutionConfigurationPlatforms) = preSolution
		Debug|Any CPU = Debug|Any CPU
		Release|Any CPU = Release|Any CPU
	EndGlobalSection
	GlobalSection(ProjectConfigurationPlatforms) = postSolution
		{3DF26F31-27FB-4526-B18A-7D1C361F0F5B}.Debug|Any CPU.ActiveCfg = Debug|Any CPU
		{3DF26F31-27FB-4526-B18A-7D1C361F0F5B}.Debug|Any CPU.Build.0 = Debug|Any CPU
		{3DF26F31-27FB-4526-B18A-7D1C361F0F5B}.Release|Any CPU.ActiveCfg = Release|Any CPU
		{3DF26F31-27FB-4526-B18A-7D1C361F0F5B}.Release|Any CPU.Build.0 = Release|Any CPU
	EndGlobalSection
	GlobalSection(SolutionProperties) = preSolution
		HideSolutionNode = FALSE
	EndGlobalSection
	GlobalSection(ExtensibilityGlobals) = postSolution
		SolutionGuid = {9E8110F7-6225-401C-93C8-6D90327317A8}
	EndGlobalSection
EndGlobal
